
Microsoft Visual Studio Solution File, Format Version 12.00
# Visual Studio Version 17
VisualStudioVersion = 17.4.33205.214
MinimumVisualStudioVersion = 10.0.40219.1
Project("{9A19103F-16F7-4668-BE54-9A1E7A4F7556}") = "MyCafeShop", "MyCafeShop\MyCafeShop.csproj", "{4AF6DB94-374C-4A7D-8C80-769C9430550A}"
EndProject
Global
	GlobalSection(SolutionConfigurationPlatforms) = preSolution
		Debug|Any CPU = Debug|Any CPU
		Release|Any CPU = Release|Any CPU
	EndGlobalSection
	GlobalSection(ProjectConfigurationPlatforms) = postSolution
		{4AF6DB94-374C-4A7D-8C80-769C9430550A}.Debug|Any CPU.ActiveCfg = Debug|Any CPU
		{4AF6DB94-374C-4A7D-8C80-769C9430550A}.Debug|Any CPU.Build.0 = Debug|Any CPU
		{4AF6DB94-374C-4A7D-8C80-769C9430550A}.Release|Any CPU.ActiveCfg = Release|Any CPU
		{4AF6DB94-374C-4A7D-8C80-769C9430550A}.Release|Any CPU.Build.0 = Release|Any CPU
	EndGlobalSection
	GlobalSection(SolutionProperties) = preSolution
		HideSolutionNode = FALSE
	EndGlobalSection
	GlobalSection(ExtensibilityGlobals) = postSolution
		SolutionGuid = {12F4A6E2-5766-4334-8138-D3D63AF762FD}
	EndGlobalSection
EndGlobal
